
Microsoft Visual Studio Solution File, Format Version 12.00
# Visual Studio Version 16
VisualStudioVersion = 16.0.30204.135
MinimumVisualStudioVersion = 10.0.40219.1
Project("{FAE04EC0-301F-11D3-BF4B-00C04F79EFBC}") = "API", "API\API.csproj", "{A21B5CF6-293C-46D7-9EBF-94BECCCB7764}"
EndProject
Project("{FAE04EC0-301F-11D3-BF4B-00C04F79EFBC}") = "DataAccess", "DataAccess\DataAccess.csproj", "{F4286E9C-AEE4-49E0-A5D2-0B5B0C0057F7}"
EndProject
Global
	GlobalSection(SolutionConfigurationPlatforms) = preSolution
		Debug|Any CPU = Debug|Any CPU
		Release|Any CPU = Release|Any CPU
	EndGlobalSection
	GlobalSection(ProjectConfigurationPlatforms) = postSolution
		{A21B5CF6-293C-46D7-9EBF-94BECCCB7764}.Debug|Any CPU.ActiveCfg = Debug|Any CPU
		{A21B5CF6-293C-46D7-9EBF-94BECCCB7764}.Debug|Any CPU.Build.0 = Debug|Any CPU
		{A21B5CF6-293C-46D7-9EBF-94BECCCB7764}.Release|Any CPU.ActiveCfg = Release|Any CPU
		{A21B5CF6-293C-46D7-9EBF-94BECCCB7764}.Release|Any CPU.Build.0 = Release|Any CPU
		{F4286E9C-AEE4-49E0-A5D2-0B5B0C0057F7}.Debug|Any CPU.ActiveCfg = Debug|Any CPU
		{F4286E9C-AEE4-49E0-A5D2-0B5B0C0057F7}.Debug|Any CPU.Build.0 = Debug|Any CPU
		{F4286E9C-AEE4-49E0-A5D2-0B5B0C0057F7}.Release|Any CPU.ActiveCfg = Release|Any CPU
		{F4286E9C-AEE4-49E0-A5D2-0B5B0C0057F7}.Release|Any CPU.Build.0 = Release|Any CPU
	EndGlobalSection
	GlobalSection(SolutionProperties) = preSolution
		HideSolutionNode = FALSE
	EndGlobalSection
	GlobalSection(ExtensibilityGlobals) = postSolution
		SolutionGuid = {5367FA15-C1DD-44D7-A879-F38AA67F52A8}
	EndGlobalSection
EndGlobal
